
Microsoft Visual Studio Solution File, Format Version 12.00
# Visual Studio Version 17
VisualStudioVersion = 17.9.34622.214
MinimumVisualStudioVersion = 10.0.40219.1
Project("{9A19103F-16F7-4668-BE54-9A1E7A4F7556}") = "BitPoint.ProjectMe", "BitPoint.ProjectMe.csproj", "{C7AF491B-8CC0-4895-9C22-D336433220EE}"
EndProject
Global
	GlobalSection(SolutionConfigurationPlatforms) = preSolution
		Debug|Any CPU = Debug|Any CPU
		Release|Any CPU = Release|Any CPU
	EndGlobalSection
	GlobalSection(ProjectConfigurationPlatforms) = postSolution
		{C7AF491B-8CC0-4895-9C22-D336433220EE}.Debug|Any CPU.ActiveCfg = Debug|Any CPU
		{C7AF491B-8CC0-4895-9C22-D336433220EE}.Debug|Any CPU.Build.0 = Debug|Any CPU
		{C7AF491B-8CC0-4895-9C22-D336433220EE}.Release|Any CPU.ActiveCfg = Release|Any CPU
		{C7AF491B-8CC0-4895-9C22-D336433220EE}.Release|Any CPU.Build.0 = Release|Any CPU
	EndGlobalSection
	GlobalSection(SolutionProperties) = preSolution
		HideSolutionNode = FALSE
	EndGlobalSection
	GlobalSection(ExtensibilityGlobals) = postSolution
		SolutionGuid = {76328D30-EDC2-4C12-ABB6-0DC4D3E99E8F}
	EndGlobalSection
EndGlobal
